
Microsoft Visual Studio Solution File, Format Version 12.00
# Visual Studio 15
VisualStudioVersion = 15.0.27130.2024
MinimumVisualStudioVersion = 10.0.40219.1
Project("{FAE04EC0-301F-11D3-BF4B-00C04F79EFBC}") = "MonoDroid.ActivityResult", "MonoDroid.ActivityResult\MonoDroid.ActivityResult.csproj", "{93797AEE-DBDC-4CE0-9367-42C7B7CFEDD5}"
EndProject
Project("{2150E333-8FDC-42A3-9474-1A3956D46DE8}") = "Solution Items", "Solution Items", "{A863B16C-C6D7-42D1-B5F9-2940C02123B1}"
	ProjectSection(SolutionItems) = preProject
		..\appveyor.yml = ..\appveyor.yml
		..\README.md = ..\README.md
	EndProjectSection
EndProject
Global
	GlobalSection(SolutionConfigurationPlatforms) = preSolution
		Debug|Any CPU = Debug|Any CPU
		Release|Any CPU = Release|Any CPU
	EndGlobalSection
	GlobalSection(ProjectConfigurationPlatforms) = postSolution
		{93797AEE-DBDC-4CE0-9367-42C7B7CFEDD5}.Debug|Any CPU.ActiveCfg = Debug|Any CPU
		{93797AEE-DBDC-4CE0-9367-42C7B7CFEDD5}.Debug|Any CPU.Build.0 = Debug|Any CPU
		{93797AEE-DBDC-4CE0-9367-42C7B7CFEDD5}.Release|Any CPU.ActiveCfg = Release|Any CPU
		{93797AEE-DBDC-4CE0-9367-42C7B7CFEDD5}.Release|Any CPU.Build.0 = Release|Any CPU
	EndGlobalSection
	GlobalSection(SolutionProperties) = preSolution
		HideSolutionNode = FALSE
	EndGlobalSection
	GlobalSection(ExtensibilityGlobals) = postSolution
		SolutionGuid = {918A14A4-B839-45E3-A454-C77FA699B75F}
	EndGlobalSection
EndGlobal
